
Microsoft Visual Studio Solution File, Format Version 12.00
# Visual Studio Version 17
VisualStudioVersion = 17.0.32014.148
MinimumVisualStudioVersion = 10.0.40219.1
Project("{FAE04EC0-301F-11D3-BF4B-00C04F79EFBC}") = "Lab10", "Lab10\Lab10.csproj", "{F3CDD978-0471-423B-8D5D-B3835C68E4EE}"
EndProject
Global
	GlobalSection(SolutionConfigurationPlatforms) = preSolution
		Debug|Any CPU = Debug|Any CPU
		Release|Any CPU = Release|Any CPU
	EndGlobalSection
	GlobalSection(ProjectConfigurationPlatforms) = postSolution
		{F3CDD978-0471-423B-8D5D-B3835C68E4EE}.Debug|Any CPU.ActiveCfg = Debug|Any CPU
		{F3CDD978-0471-423B-8D5D-B3835C68E4EE}.Debug|Any CPU.Build.0 = Debug|Any CPU
		{F3CDD978-0471-423B-8D5D-B3835C68E4EE}.Release|Any CPU.ActiveCfg = Release|Any CPU
		{F3CDD978-0471-423B-8D5D-B3835C68E4EE}.Release|Any CPU.Build.0 = Release|Any CPU
	EndGlobalSection
	GlobalSection(SolutionProperties) = preSolution
		HideSolutionNode = FALSE
	EndGlobalSection
	GlobalSection(ExtensibilityGlobals) = postSolution
		SolutionGuid = {D923FAB4-700A-4445-841E-76CCD4DCAB62}
	EndGlobalSection
EndGlobal
